
Microsoft Visual Studio Solution File, Format Version 12.00
# Visual Studio Version 16
VisualStudioVersion = 16.0.31424.327
MinimumVisualStudioVersion = 10.0.40219.1
Project("{FAE04EC0-301F-11D3-BF4B-00C04F79EFBC}") = "Home_Work_13", "Home_Work_13\Home_Work_13.csproj", "{9CD42B85-D152-4528-812B-97E0EC6ABFB2}"
EndProject
Global
	GlobalSection(SolutionConfigurationPlatforms) = preSolution
		Debug|Any CPU = Debug|Any CPU
		Release|Any CPU = Release|Any CPU
	EndGlobalSection
	GlobalSection(ProjectConfigurationPlatforms) = postSolution
		{9CD42B85-D152-4528-812B-97E0EC6ABFB2}.Debug|Any CPU.ActiveCfg = Debug|Any CPU
		{9CD42B85-D152-4528-812B-97E0EC6ABFB2}.Debug|Any CPU.Build.0 = Debug|Any CPU
		{9CD42B85-D152-4528-812B-97E0EC6ABFB2}.Release|Any CPU.ActiveCfg = Release|Any CPU
		{9CD42B85-D152-4528-812B-97E0EC6ABFB2}.Release|Any CPU.Build.0 = Release|Any CPU
	EndGlobalSection
	GlobalSection(SolutionProperties) = preSolution
		HideSolutionNode = FALSE
	EndGlobalSection
	GlobalSection(ExtensibilityGlobals) = postSolution
		SolutionGuid = {460064D5-3F01-49CA-A602-49902530DC5B}
	EndGlobalSection
EndGlobal
